
Microsoft Visual Studio Solution File, Format Version 12.00
# Visual Studio Version 17
VisualStudioVersion = 17.0.32014.148
MinimumVisualStudioVersion = 10.0.40219.1
Project("{FAE04EC0-301F-11D3-BF4B-00C04F79EFBC}") = "UnitTestMasters_Session2", "UnitTestMasters_Session2\UnitTestMasters_Session2.csproj", "{A49DC992-4283-4FA1-BB35-85A286E5F265}"
EndProject
Global
	GlobalSection(SolutionConfigurationPlatforms) = preSolution
		Debug|Any CPU = Debug|Any CPU
		Release|Any CPU = Release|Any CPU
	EndGlobalSection
	GlobalSection(ProjectConfigurationPlatforms) = postSolution
		{A49DC992-4283-4FA1-BB35-85A286E5F265}.Debug|Any CPU.ActiveCfg = Debug|Any CPU
		{A49DC992-4283-4FA1-BB35-85A286E5F265}.Debug|Any CPU.Build.0 = Debug|Any CPU
		{A49DC992-4283-4FA1-BB35-85A286E5F265}.Release|Any CPU.ActiveCfg = Release|Any CPU
		{A49DC992-4283-4FA1-BB35-85A286E5F265}.Release|Any CPU.Build.0 = Release|Any CPU
	EndGlobalSection
	GlobalSection(SolutionProperties) = preSolution
		HideSolutionNode = FALSE
	EndGlobalSection
	GlobalSection(ExtensibilityGlobals) = postSolution
		SolutionGuid = {23DAE48A-ADF0-43F8-B60D-AD117B5CE984}
	EndGlobalSection
EndGlobal
