
Microsoft Visual Studio Solution File, Format Version 12.00
# Visual Studio Version 17
VisualStudioVersion = 17.4.33205.214
MinimumVisualStudioVersion = 10.0.40219.1
Project("{9A19103F-16F7-4668-BE54-9A1E7A4F7556}") = "V1", "V1\V1.csproj", "{95382452-B91C-468C-AD20-A7FAAC642E8C}"
EndProject
Project("{FAE04EC0-301F-11D3-BF4B-00C04F79EFBC}") = "Transaction", "Transaction\Transaction.csproj", "{58478921-103F-46C1-B625-7A38FF2096D3}"
EndProject
Project("{FAE04EC0-301F-11D3-BF4B-00C04F79EFBC}") = "EFCore", "EFCore\EFCore.csproj", "{6191785A-18FB-4BE4-A69F-C6ACAC9856CB}"
EndProject
Global
	GlobalSection(SolutionConfigurationPlatforms) = preSolution
		Debug|Any CPU = Debug|Any CPU
		Release|Any CPU = Release|Any CPU
	EndGlobalSection
	GlobalSection(ProjectConfigurationPlatforms) = postSolution
		{95382452-B91C-468C-AD20-A7FAAC642E8C}.Debug|Any CPU.ActiveCfg = Debug|Any CPU
		{95382452-B91C-468C-AD20-A7FAAC642E8C}.Debug|Any CPU.Build.0 = Debug|Any CPU
		{95382452-B91C-468C-AD20-A7FAAC642E8C}.Release|Any CPU.ActiveCfg = Release|Any CPU
		{95382452-B91C-468C-AD20-A7FAAC642E8C}.Release|Any CPU.Build.0 = Release|Any CPU
		{58478921-103F-46C1-B625-7A38FF2096D3}.Debug|Any CPU.ActiveCfg = Debug|Any CPU
		{58478921-103F-46C1-B625-7A38FF2096D3}.Debug|Any CPU.Build.0 = Debug|Any CPU
		{58478921-103F-46C1-B625-7A38FF2096D3}.Release|Any CPU.ActiveCfg = Release|Any CPU
		{58478921-103F-46C1-B625-7A38FF2096D3}.Release|Any CPU.Build.0 = Release|Any CPU
		{6191785A-18FB-4BE4-A69F-C6ACAC9856CB}.Debug|Any CPU.ActiveCfg = Debug|Any CPU
		{6191785A-18FB-4BE4-A69F-C6ACAC9856CB}.Debug|Any CPU.Build.0 = Debug|Any CPU
		{6191785A-18FB-4BE4-A69F-C6ACAC9856CB}.Release|Any CPU.ActiveCfg = Release|Any CPU
		{6191785A-18FB-4BE4-A69F-C6ACAC9856CB}.Release|Any CPU.Build.0 = Release|Any CPU
	EndGlobalSection
	GlobalSection(SolutionProperties) = preSolution
		HideSolutionNode = FALSE
	EndGlobalSection
	GlobalSection(ExtensibilityGlobals) = postSolution
		SolutionGuid = {D060BD66-DD15-46CD-918A-C7EF00C64696}
	EndGlobalSection
EndGlobal
